
Microsoft Visual Studio Solution File, Format Version 12.00
# Visual Studio Version 17
VisualStudioVersion = 17.8.34330.188
MinimumVisualStudioVersion = 10.0.40219.1
Project("{FAE04EC0-301F-11D3-BF4B-00C04F79EFBC}") = "file_explorer", "file_explorer\file_explorer.csproj", "{0F3DDD76-A29C-4248-BC46-CCC77F50DEAE}"
EndProject
Global
	GlobalSection(SolutionConfigurationPlatforms) = preSolution
		Debug|Any CPU = Debug|Any CPU
		Release|Any CPU = Release|Any CPU
	EndGlobalSection
	GlobalSection(ProjectConfigurationPlatforms) = postSolution
		{0F3DDD76-A29C-4248-BC46-CCC77F50DEAE}.Debug|Any CPU.ActiveCfg = Debug|Any CPU
		{0F3DDD76-A29C-4248-BC46-CCC77F50DEAE}.Debug|Any CPU.Build.0 = Debug|Any CPU
		{0F3DDD76-A29C-4248-BC46-CCC77F50DEAE}.Release|Any CPU.ActiveCfg = Release|Any CPU
		{0F3DDD76-A29C-4248-BC46-CCC77F50DEAE}.Release|Any CPU.Build.0 = Release|Any CPU
	EndGlobalSection
	GlobalSection(SolutionProperties) = preSolution
		HideSolutionNode = FALSE
	EndGlobalSection
	GlobalSection(ExtensibilityGlobals) = postSolution
		SolutionGuid = {FF2AE979-E9C2-455E-ACA4-1C16D629A219}
	EndGlobalSection
EndGlobal
