
Microsoft Visual Studio Solution File, Format Version 12.00
# Visual Studio Version 17
VisualStudioVersion = 17.9.34622.214
MinimumVisualStudioVersion = 10.0.40219.1
Project("{FAE04EC0-301F-11D3-BF4B-00C04F79EFBC}") = "file_explorer(window_form_app)", "file_explorer(window_form_app)\file_explorer(window_form_app).csproj", "{3341F6B4-355F-437F-B851-D0DB6E5C4FFC}"
EndProject
Global
	GlobalSection(SolutionConfigurationPlatforms) = preSolution
		Debug|Any CPU = Debug|Any CPU
		Release|Any CPU = Release|Any CPU
	EndGlobalSection
	GlobalSection(ProjectConfigurationPlatforms) = postSolution
		{3341F6B4-355F-437F-B851-D0DB6E5C4FFC}.Debug|Any CPU.ActiveCfg = Debug|Any CPU
		{3341F6B4-355F-437F-B851-D0DB6E5C4FFC}.Debug|Any CPU.Build.0 = Debug|Any CPU
		{3341F6B4-355F-437F-B851-D0DB6E5C4FFC}.Release|Any CPU.ActiveCfg = Release|Any CPU
		{3341F6B4-355F-437F-B851-D0DB6E5C4FFC}.Release|Any CPU.Build.0 = Release|Any CPU
	EndGlobalSection
	GlobalSection(SolutionProperties) = preSolution
		HideSolutionNode = FALSE
	EndGlobalSection
	GlobalSection(ExtensibilityGlobals) = postSolution
		SolutionGuid = {67F40AFB-5397-4474-BAF2-D68F30439DBC}
	EndGlobalSection
EndGlobal
