
Microsoft Visual Studio Solution File, Format Version 12.00
# Visual Studio Version 17
VisualStudioVersion = 17.8.34330.188
MinimumVisualStudioVersion = 10.0.40219.1
Project("{FAE04EC0-301F-11D3-BF4B-00C04F79EFBC}") = "imagereader", "imagereader\imagereader.csproj", "{B3DC6845-7421-4C9A-A9A1-936E89F0DF9C}"
EndProject
Global
	GlobalSection(SolutionConfigurationPlatforms) = preSolution
		Debug|Any CPU = Debug|Any CPU
		Release|Any CPU = Release|Any CPU
	EndGlobalSection
	GlobalSection(ProjectConfigurationPlatforms) = postSolution
		{B3DC6845-7421-4C9A-A9A1-936E89F0DF9C}.Debug|Any CPU.ActiveCfg = Debug|Any CPU
		{B3DC6845-7421-4C9A-A9A1-936E89F0DF9C}.Debug|Any CPU.Build.0 = Debug|Any CPU
		{B3DC6845-7421-4C9A-A9A1-936E89F0DF9C}.Release|Any CPU.ActiveCfg = Release|Any CPU
		{B3DC6845-7421-4C9A-A9A1-936E89F0DF9C}.Release|Any CPU.Build.0 = Release|Any CPU
	EndGlobalSection
	GlobalSection(SolutionProperties) = preSolution
		HideSolutionNode = FALSE
	EndGlobalSection
	GlobalSection(ExtensibilityGlobals) = postSolution
		SolutionGuid = {20423DB4-7E8C-4ED1-8F22-5173D04BAA1D}
	EndGlobalSection
EndGlobal
